// !$*UTF8*$!
{
	archiveVersion = 1;
	classes = {
	};
	objectVersion = 42;
	objects = {

/* Begin PBXBuildFile section */
		000204107E7A9581E3CFE8F5 /* moc_CalcTable.cpp in Build Sources */ = {isa = PBXBuildFile; fileRef = 72252D9C8593F14B024E6E30 /* moc_CalcTable.cpp */; settings = {ATTRIBUTES = (); }; };
		069D05B0128AE5DC7EE31738 /* QtCore.framework in Frameworks & Libraries */ = {isa = PBXBuildFile; fileRef = 7BC2E65A5E699A5E5D834CA2 /* QtCore.framework */; };
		0FEC3682475A9566B31E6466 /* CalcTable.cpp in Build Sources */ = {isa = PBXBuildFile; fileRef = F0DB94FB9A93096D7C1041BA /* CalcTable.cpp */; settings = {ATTRIBUTES = (); }; };
		1E4BC14C728DB1E9BC966C4B /* QMatrixViewer.cpp in Build Sources */ = {isa = PBXBuildFile; fileRef = 37A8F2AC3D805237C1884557 /* QMatrixViewer.cpp */; settings = {ATTRIBUTES = (); }; };
		1F701B61FAAEFBE90681CAF2 /* moc_QIterativeParameters.cpp in Build Sources */ = {isa = PBXBuildFile; fileRef = A6E22BC1ABB34A8852ABAA09 /* moc_QIterativeParameters.cpp */; settings = {ATTRIBUTES = (); }; };
		2B093CA6F071B023A473CED0 /* main.cpp in Build Sources */ = {isa = PBXBuildFile; fileRef = 118FCBAABA162BA17933C789 /* main.cpp */; settings = {ATTRIBUTES = (); }; };
		35D8E2F1C33EA4A8790866EC /* QValueSetter.cpp in Build Sources */ = {isa = PBXBuildFile; fileRef = 634C586747D14C5FD3233F52 /* QValueSetter.cpp */; settings = {ATTRIBUTES = (); }; };
		3AA40C271A9B384DE2E9BEEB /* moc_QSela.cpp in Build Sources */ = {isa = PBXBuildFile; fileRef = 8C941B88D0A67FF153405281 /* moc_QSela.cpp */; settings = {ATTRIBUTES = (); }; };
		43DE7A5E00C5EDDC9486B004 /* QSela.cpp in Build Sources */ = {isa = PBXBuildFile; fileRef = 8DE65D538C75BD8AED7BD7D3 /* QSela.cpp */; settings = {ATTRIBUTES = (); }; };
		501667F26B3C1FF6767A7C12 /* QtGui.framework in Frameworks & Libraries */ = {isa = PBXBuildFile; fileRef = 9B36DA7E32F0304E780E7972 /* QtGui.framework */; };
		8DADDEE17B91A7936EBD5BBD /* moc_QValueSetter.cpp in Build Sources */ = {isa = PBXBuildFile; fileRef = F1FDA3E03093619394B6639B /* moc_QValueSetter.cpp */; settings = {ATTRIBUTES = (); }; };
		935F0536C453D89B63C6B673 /* moc_QOutputViewer.cpp in Build Sources */ = {isa = PBXBuildFile; fileRef = 7A41876513D9E06FA759D726 /* moc_QOutputViewer.cpp */; settings = {ATTRIBUTES = (); }; };
		A4582233947FB7FB159573BB /* moc_MainWindow.cpp in Build Sources */ = {isa = PBXBuildFile; fileRef = 26827F2FC4DC4FBB23DE8287 /* moc_MainWindow.cpp */; settings = {ATTRIBUTES = (); }; };
		BD25CEAFAF349EE2EA9642A5 /* moc_QMatrixViewer.cpp in Build Sources */ = {isa = PBXBuildFile; fileRef = 3365D6B1EC696BFD47887A23 /* moc_QMatrixViewer.cpp */; settings = {ATTRIBUTES = (); }; };
		DE0D3838948A70E655349006 /* QOutputViewer.cpp in Build Sources */ = {isa = PBXBuildFile; fileRef = 73F1A250FCD1AB10E454851A /* QOutputViewer.cpp */; settings = {ATTRIBUTES = (); }; };
		E80925E58823816532AC39C1 /* QIterativeParameters.cpp in Build Sources */ = {isa = PBXBuildFile; fileRef = 9C0584FED70C01A9363A1FE9 /* QIterativeParameters.cpp */; settings = {ATTRIBUTES = (); }; };
		F066A7EA136772A400F69201 /* SELA_2.app in Project Copy */ = {isa = PBXBuildFile; fileRef = F066A7E7136772A400F69201 /* SELA_2.app */; };
		F4BB3CBAAD023314EB278E83 /* DoubleMatrix.cpp in Build Sources */ = {isa = PBXBuildFile; fileRef = B2E501340819687CB1876A57 /* DoubleMatrix.cpp */; settings = {ATTRIBUTES = (); }; };
		F7966146FE2682DF0478BEC0 /* MainWindow.cpp in Build Sources */ = {isa = PBXBuildFile; fileRef = B11157991606037817BE9D12 /* MainWindow.cpp */; settings = {ATTRIBUTES = (); }; };
/* End PBXBuildFile section */

/* Begin PBXCopyFilesBuildPhase section */
		F6069D5A5DA8AA28EDB8B3C6 /* Project Copy */ = {
			isa = PBXCopyFilesBuildPhase;
			buildActionMask = 2147483647;
			dstPath = /Users/PRoTeW/Desktop/QT_PROJECTS/SELA_2;
			dstSubfolderSpec = 0;
			files = (
				F066A7EA136772A400F69201 /* SELA_2.app in Project Copy */,
			);
			name = "Project Copy";
			runOnlyForDeploymentPostprocessing = 0;
		};
/* End PBXCopyFilesBuildPhase section */

/* Begin PBXFileReference section */
		118FCBAABA162BA17933C789 /* main.cpp */ = {isa = PBXFileReference; lastKnownFileType = sourcecode.cpp.cpp; path = main.cpp; sourceTree = "<group>"; };
		15147B95AB71CF1149FDAA31 /* QMatrixViewer.h */ = {isa = PBXFileReference; lastKnownFileType = sourcecode.c.h; path = QMatrixViewer.h; sourceTree = "<group>"; };
		15C944C455FBF05716FFBF43 /* DoubleMatrix.h */ = {isa = PBXFileReference; lastKnownFileType = sourcecode.c.h; path = DoubleMatrix.h; sourceTree = "<group>"; };
		26827F2FC4DC4FBB23DE8287 /* moc_MainWindow.cpp */ = {isa = PBXFileReference; lastKnownFileType = sourcecode.cpp.cpp; path = moc_MainWindow.cpp; sourceTree = "<group>"; };
		3365D6B1EC696BFD47887A23 /* moc_QMatrixViewer.cpp */ = {isa = PBXFileReference; lastKnownFileType = sourcecode.cpp.cpp; path = moc_QMatrixViewer.cpp; sourceTree = "<group>"; };
		37A8F2AC3D805237C1884557 /* QMatrixViewer.cpp */ = {isa = PBXFileReference; lastKnownFileType = sourcecode.cpp.cpp; path = QMatrixViewer.cpp; sourceTree = "<group>"; };
		38B38073C997D617248A22BE /* QValueSetter.h */ = {isa = PBXFileReference; lastKnownFileType = sourcecode.c.h; path = QValueSetter.h; sourceTree = "<group>"; };
		4334BF62FCA347C2B8BA4B95 /* QSela.h */ = {isa = PBXFileReference; lastKnownFileType = sourcecode.c.h; path = QSela.h; sourceTree = "<group>"; };
		44A757FA3176943B034568E7 /* CalcTable.h */ = {isa = PBXFileReference; lastKnownFileType = sourcecode.c.h; path = CalcTable.h; sourceTree = "<group>"; };
		634C586747D14C5FD3233F52 /* QValueSetter.cpp */ = {isa = PBXFileReference; lastKnownFileType = sourcecode.cpp.cpp; path = QValueSetter.cpp; sourceTree = "<group>"; };
		72252D9C8593F14B024E6E30 /* moc_CalcTable.cpp */ = {isa = PBXFileReference; lastKnownFileType = sourcecode.cpp.cpp; path = moc_CalcTable.cpp; sourceTree = "<group>"; };
		73F1A250FCD1AB10E454851A /* QOutputViewer.cpp */ = {isa = PBXFileReference; lastKnownFileType = sourcecode.cpp.cpp; path = QOutputViewer.cpp; sourceTree = "<group>"; };
		7922596DB2250D4C1316FE36 /* QOutputViewer.h */ = {isa = PBXFileReference; lastKnownFileType = sourcecode.c.h; path = QOutputViewer.h; sourceTree = "<group>"; };
		7A41876513D9E06FA759D726 /* moc_QOutputViewer.cpp */ = {isa = PBXFileReference; lastKnownFileType = sourcecode.cpp.cpp; path = moc_QOutputViewer.cpp; sourceTree = "<group>"; };
		7BC2E65A5E699A5E5D834CA2 /* QtCore.framework */ = {isa = PBXFileReference; lastKnownFileType = wrapper.framework; name = QtCore.framework; path = /Library/Frameworks/QtCore.framework; sourceTree = "<absolute>"; };
		8C941B88D0A67FF153405281 /* moc_QSela.cpp */ = {isa = PBXFileReference; lastKnownFileType = sourcecode.cpp.cpp; path = moc_QSela.cpp; sourceTree = "<group>"; };
		8DE65D538C75BD8AED7BD7D3 /* QSela.cpp */ = {isa = PBXFileReference; lastKnownFileType = sourcecode.cpp.cpp; path = QSela.cpp; sourceTree = "<group>"; };
		9B36DA7E32F0304E780E7972 /* QtGui.framework */ = {isa = PBXFileReference; lastKnownFileType = wrapper.framework; name = QtGui.framework; path = /Library/Frameworks/QtGui.framework; sourceTree = "<absolute>"; };
		9C0584FED70C01A9363A1FE9 /* QIterativeParameters.cpp */ = {isa = PBXFileReference; lastKnownFileType = sourcecode.cpp.cpp; path = QIterativeParameters.cpp; sourceTree = "<group>"; };
		A6E22BC1ABB34A8852ABAA09 /* moc_QIterativeParameters.cpp */ = {isa = PBXFileReference; lastKnownFileType = sourcecode.cpp.cpp; path = moc_QIterativeParameters.cpp; sourceTree = "<group>"; };
		B11157991606037817BE9D12 /* MainWindow.cpp */ = {isa = PBXFileReference; lastKnownFileType = sourcecode.cpp.cpp; path = MainWindow.cpp; sourceTree = "<group>"; };
		B2E501340819687CB1876A57 /* DoubleMatrix.cpp */ = {isa = PBXFileReference; lastKnownFileType = sourcecode.cpp.cpp; path = DoubleMatrix.cpp; sourceTree = "<group>"; };
		BE70EB99BDB216943CAF350C /* MainWindow.h */ = {isa = PBXFileReference; lastKnownFileType = sourcecode.c.h; path = MainWindow.h; sourceTree = "<group>"; };
		CE15D3A3F4BDD7BFD6117B9C /* SELA_2.pro */ = {isa = PBXFileReference; lastKnownFileType = text; path = SELA_2.pro; sourceTree = "<group>"; };
		D905A529E250C9F6BB9DFF2A /* QIterativeParameters.h */ = {isa = PBXFileReference; lastKnownFileType = sourcecode.c.h; path = QIterativeParameters.h; sourceTree = "<group>"; };
		F066A7E7136772A400F69201 /* SELA_2.app */ = {isa = PBXFileReference; explicitFileType = wrapper.application; includeInIndex = 0; path = SELA_2.app; sourceTree = BUILT_PRODUCTS_DIR; };
		F0DB94FB9A93096D7C1041BA /* CalcTable.cpp */ = {isa = PBXFileReference; lastKnownFileType = sourcecode.cpp.cpp; path = CalcTable.cpp; sourceTree = "<group>"; };
		F1FDA3E03093619394B6639B /* moc_QValueSetter.cpp */ = {isa = PBXFileReference; lastKnownFileType = sourcecode.cpp.cpp; path = moc_QValueSetter.cpp; sourceTree = "<group>"; };
/* End PBXFileReference section */

/* Begin PBXFrameworksBuildPhase section */
		2A1043669E6E5A7426EA502A /* Frameworks & Libraries */ = {
			isa = PBXFrameworksBuildPhase;
			buildActionMask = 2147483647;
			files = (
				501667F26B3C1FF6767A7C12 /* QtGui.framework in Frameworks & Libraries */,
				069D05B0128AE5DC7EE31738 /* QtCore.framework in Frameworks & Libraries */,
			);
			name = "Frameworks & Libraries";
			runOnlyForDeploymentPostprocessing = 0;
		};
/* End PBXFrameworksBuildPhase section */

/* Begin PBXGroup section */
		05596AB53D8D521C69802C27 /* SELA_2 */ = {
			isa = PBXGroup;
			children = (
				FB61758D0F0FDA4BA867C3D5 /* Sources */,
				46E892BBB6BB6952967E0561 /* Temporary Sources */,
				883D7615C4D2DE3FA1218F12 /* Headers */,
				7CABE3C80E79AD2B307756D2 /* Sources [qmake] */,
				ED1E82605DD74B483AF3C982 /* External Frameworks and Libraries */,
				F066A7E8136772A400F69201 /* Products */,
			);
			name = SELA_2;
			sourceTree = "<group>";
		};
		46E892BBB6BB6952967E0561 /* Temporary Sources */ = {
			isa = PBXGroup;
			children = (
				72252D9C8593F14B024E6E30 /* moc_CalcTable.cpp */,
				26827F2FC4DC4FBB23DE8287 /* moc_MainWindow.cpp */,
				A6E22BC1ABB34A8852ABAA09 /* moc_QIterativeParameters.cpp */,
				3365D6B1EC696BFD47887A23 /* moc_QMatrixViewer.cpp */,
				7A41876513D9E06FA759D726 /* moc_QOutputViewer.cpp */,
				8C941B88D0A67FF153405281 /* moc_QSela.cpp */,
				F1FDA3E03093619394B6639B /* moc_QValueSetter.cpp */,
			);
			name = "Temporary Sources";
			sourceTree = "<group>";
		};
		7CABE3C80E79AD2B307756D2 /* Sources [qmake] */ = {
			isa = PBXGroup;
			children = (
				CE15D3A3F4BDD7BFD6117B9C /* SELA_2.pro */,
			);
			name = "Sources [qmake]";
			sourceTree = "<group>";
		};
		883D7615C4D2DE3FA1218F12 /* Headers */ = {
			isa = PBXGroup;
			children = (
				44A757FA3176943B034568E7 /* CalcTable.h */,
				15C944C455FBF05716FFBF43 /* DoubleMatrix.h */,
				BE70EB99BDB216943CAF350C /* MainWindow.h */,
				D905A529E250C9F6BB9DFF2A /* QIterativeParameters.h */,
				15147B95AB71CF1149FDAA31 /* QMatrixViewer.h */,
				7922596DB2250D4C1316FE36 /* QOutputViewer.h */,
				4334BF62FCA347C2B8BA4B95 /* QSela.h */,
				38B38073C997D617248A22BE /* QValueSetter.h */,
			);
			name = Headers;
			sourceTree = "<group>";
		};
		ED1E82605DD74B483AF3C982 /* External Frameworks and Libraries */ = {
			isa = PBXGroup;
			children = (
				9B36DA7E32F0304E780E7972 /* QtGui.framework */,
				7BC2E65A5E699A5E5D834CA2 /* QtCore.framework */,
			);
			name = "External Frameworks and Libraries";
			sourceTree = "<group>";
		};
		F066A7E8136772A400F69201 /* Products */ = {
			isa = PBXGroup;
			children = (
				F066A7E7136772A400F69201 /* SELA_2.app */,
			);
			name = Products;
			sourceTree = "<group>";
		};
		FB61758D0F0FDA4BA867C3D5 /* Sources */ = {
			isa = PBXGroup;
			children = (
				F0DB94FB9A93096D7C1041BA /* CalcTable.cpp */,
				B2E501340819687CB1876A57 /* DoubleMatrix.cpp */,
				118FCBAABA162BA17933C789 /* main.cpp */,
				B11157991606037817BE9D12 /* MainWindow.cpp */,
				9C0584FED70C01A9363A1FE9 /* QIterativeParameters.cpp */,
				37A8F2AC3D805237C1884557 /* QMatrixViewer.cpp */,
				73F1A250FCD1AB10E454851A /* QOutputViewer.cpp */,
				8DE65D538C75BD8AED7BD7D3 /* QSela.cpp */,
				634C586747D14C5FD3233F52 /* QValueSetter.cpp */,
			);
			name = Sources;
			sourceTree = "<group>";
		};
/* End PBXGroup section */

/* Begin PBXNativeTarget section */
		BE6E0D6082AF9D92BF8823E1 /* SELA_2 */ = {
			isa = PBXNativeTarget;
			buildConfigurationList = F066A806136772B900F69201 /* Build configuration list for PBXNativeTarget "SELA_2" */;
			buildPhases = (
				D7BA7D76DAB5DD13389D6332 /* Qt Qmake */,
				A0A52A2ADF7A1E2A99738674 /* Qt Preprocessors */,
				F6069D5A5DA8AA28EDB8B3C6 /* Project Copy */,
				C29B8785722055ED95EF7B57 /* Build Sources */,
				2A1043669E6E5A7426EA502A /* Frameworks & Libraries */,
				3787F99312C85FF0073FD7BA /* Bundle Resources */,
			);
			buildRules = (
			);
			dependencies = (
			);
			name = SELA_2;
			productName = SELA_2;
			productReference = F066A7E7136772A400F69201 /* SELA_2.app */;
			productType = "com.apple.product-type.application";
		};
/* End PBXNativeTarget section */

/* Begin PBXProject section */
		91B15E841AA80083484172DE /* Project object */ = {
			isa = PBXProject;
			buildConfigurationList = 2A951308CDB28F104D0A4BD2 /* Build configuration list for PBXProject "SELA_2" */;
			compatibilityVersion = "Xcode 2.4";
			developmentRegion = English;
			hasScannedForEncodings = 1;
			knownRegions = (
				English,
				Japanese,
				French,
				German,
			);
			mainGroup = 05596AB53D8D521C69802C27 /* SELA_2 */;
			productRefGroup = F066A7E8136772A400F69201 /* Products */;
			projectDirPath = "";
			projectRoot = "";
			targets = (
				BE6E0D6082AF9D92BF8823E1 /* SELA_2 */,
			);
		};
/* End PBXProject section */

/* Begin PBXResourcesBuildPhase section */
		3787F99312C85FF0073FD7BA /* Bundle Resources */ = {
			isa = PBXResourcesBuildPhase;
			buildActionMask = 2147483647;
			files = (
			);
			name = "Bundle Resources";
			runOnlyForDeploymentPostprocessing = 0;
		};
/* End PBXResourcesBuildPhase section */

/* Begin PBXShellScriptBuildPhase section */
		A0A52A2ADF7A1E2A99738674 /* Qt Preprocessors */ = {
			isa = PBXShellScriptBuildPhase;
			buildActionMask = 2147483647;
			files = (
			);
			name = "Qt Preprocessors";
			runOnlyForDeploymentPostprocessing = 0;
			shellPath = /bin/sh;
			shellScript = "make -C /Users/PRoTeW/Desktop/QT_PROJECTS/SELA_2 -f 'SELA_2.xcodeproj/qt_preprocess.mak'";
		};
		D7BA7D76DAB5DD13389D6332 /* Qt Qmake */ = {
			isa = PBXShellScriptBuildPhase;
			buildActionMask = 2147483647;
			files = (
			);
			name = "Qt Qmake";
			runOnlyForDeploymentPostprocessing = 0;
			shellPath = /bin/sh;
			shellScript = "make -C /Users/PRoTeW/Desktop/QT_PROJECTS/SELA_2 -f 'SELA_2.xcodeproj/qt_makeqmake.mak'";
		};
/* End PBXShellScriptBuildPhase section */

/* Begin PBXSourcesBuildPhase section */
		C29B8785722055ED95EF7B57 /* Build Sources */ = {
			isa = PBXSourcesBuildPhase;
			buildActionMask = 2147483647;
			files = (
				0FEC3682475A9566B31E6466 /* CalcTable.cpp in Build Sources */,
				F4BB3CBAAD023314EB278E83 /* DoubleMatrix.cpp in Build Sources */,
				2B093CA6F071B023A473CED0 /* main.cpp in Build Sources */,
				F7966146FE2682DF0478BEC0 /* MainWindow.cpp in Build Sources */,
				E80925E58823816532AC39C1 /* QIterativeParameters.cpp in Build Sources */,
				1E4BC14C728DB1E9BC966C4B /* QMatrixViewer.cpp in Build Sources */,
				DE0D3838948A70E655349006 /* QOutputViewer.cpp in Build Sources */,
				43DE7A5E00C5EDDC9486B004 /* QSela.cpp in Build Sources */,
				35D8E2F1C33EA4A8790866EC /* QValueSetter.cpp in Build Sources */,
				000204107E7A9581E3CFE8F5 /* moc_CalcTable.cpp in Build Sources */,
				A4582233947FB7FB159573BB /* moc_MainWindow.cpp in Build Sources */,
				1F701B61FAAEFBE90681CAF2 /* moc_QIterativeParameters.cpp in Build Sources */,
				BD25CEAFAF349EE2EA9642A5 /* moc_QMatrixViewer.cpp in Build Sources */,
				935F0536C453D89B63C6B673 /* moc_QOutputViewer.cpp in Build Sources */,
				3AA40C271A9B384DE2E9BEEB /* moc_QSela.cpp in Build Sources */,
				8DADDEE17B91A7936EBD5BBD /* moc_QValueSetter.cpp in Build Sources */,
			);
			name = "Build Sources";
			runOnlyForDeploymentPostprocessing = 0;
		};
/* End PBXSourcesBuildPhase section */

/* Begin XCBuildConfiguration section */
		8DB1DD96F65B1BF1FFC506E0 /* Debug */ = {
			isa = XCBuildConfiguration;
			buildSettings = {
				COPY_PHASE_STRIP = NO;
				GCC_GENERATE_DEBUGGING_SYMBOLS = YES;
				GCC_OPTIMIZATION_LEVEL = 0;
			};
			name = Debug;
		};
		95E1EB2E5DDD587BE5B3E548 /* Release */ = {
			isa = XCBuildConfiguration;
			buildSettings = {
				COPY_PHASE_STRIP = YES;
				GCC_GENERATE_DEBUGGING_SYMBOLS = NO;
			};
			name = Release;
		};
		F066A7F2136772A400F69201 /* Debug */ = {
			isa = XCBuildConfiguration;
			buildSettings = {
				BUILD_ROOT = /Users/PRoTeW/Desktop/QT_PROJECTS/SELA_2;
				COPY_PHASE_STRIP = NO;
				DYLIB_COMPATIBILITY_VERSION = 1.0;
				DYLIB_CURRENT_VERSION = 1.0.0;
				GCC_GENERATE_DEBUGGING_SYMBOLS = YES;
				GCC_OPTIMIZATION_LEVEL = 0;
				HEADER_SEARCH_PATHS = (
					/Library/Frameworks/QtCore.framework/Versions/4/Headers,
					/usr/include/QtCore,
					/Library/Frameworks/QtGui.framework/Versions/4/Headers,
					/usr/include/QtGui,
					/usr/include,
					.,
					.,
					/usr/local/include,
					/System/Library/Frameworks/CarbonCore.framework/Headers,
					"/usr/local/Qt4.7/mkspecs/macx-xcode",
				);
				INFOPLIST_FILE = Info.plist;
				LEXFLAGS = "";
				LIBRARY_SEARCH_PATHS = /Library/Frameworks;
				MACOSX_DEPLOYMENT_TARGET = 10.4;
				OTHER_CFLAGS = (
					"-pipe",
					"-g",
					"-Wall",
					"-W",
					"-DQT_GUI_LIB",
					"-DQT_CORE_LIB",
					"-DQT_SHARED",
				);
				OTHER_CPLUSPLUSFLAGS = (
					"-pipe",
					"-g",
					"-Wall",
					"-W",
					"-DQT_GUI_LIB",
					"-DQT_CORE_LIB",
					"-DQT_SHARED",
				);
				OTHER_LDFLAGS = (
					"-headerpad_max_install_names",
					"-L/Library/Frameworks",
					"-F/Library/Frameworks",
				);
				OTHER_REZFLAGS = "";
				PREBINDING = NO;
				PRODUCT_NAME = SELA_2;
				SECTORDER_FLAGS = "";
				WARNING_CFLAGS = "";
				YACCFLAGS = "-d";
			};
			name = Debug;
		};
		F066A7F3136772A400F69201 /* Release */ = {
			isa = XCBuildConfiguration;
			buildSettings = {
				BUILD_ROOT = /Users/PRoTeW/Desktop/QT_PROJECTS/SELA_2;
				COPY_PHASE_STRIP = YES;
				DYLIB_COMPATIBILITY_VERSION = 1.0;
				DYLIB_CURRENT_VERSION = 1.0.0;
				GCC_GENERATE_DEBUGGING_SYMBOLS = NO;
				HEADER_SEARCH_PATHS = (
					/Library/Frameworks/QtCore.framework/Versions/4/Headers,
					/usr/include/QtCore,
					/Library/Frameworks/QtGui.framework/Versions/4/Headers,
					/usr/include/QtGui,
					/usr/include,
					.,
					.,
					/usr/local/include,
					/System/Library/Frameworks/CarbonCore.framework/Headers,
					"/usr/local/Qt4.7/mkspecs/macx-xcode",
				);
				INFOPLIST_FILE = Info.plist;
				LEXFLAGS = "";
				LIBRARY_SEARCH_PATHS = /Library/Frameworks;
				MACOSX_DEPLOYMENT_TARGET = 10.4;
				OTHER_CFLAGS = (
					"-pipe",
					"-g",
					"-Wall",
					"-W",
					"-DQT_GUI_LIB",
					"-DQT_CORE_LIB",
					"-DQT_SHARED",
				);
				OTHER_CPLUSPLUSFLAGS = (
					"-pipe",
					"-g",
					"-Wall",
					"-W",
					"-DQT_GUI_LIB",
					"-DQT_CORE_LIB",
					"-DQT_SHARED",
				);
				OTHER_LDFLAGS = (
					"-headerpad_max_install_names",
					"-L/Library/Frameworks",
					"-F/Library/Frameworks",
				);
				OTHER_REZFLAGS = "";
				PREBINDING = NO;
				PRODUCT_NAME = SELA_2;
				SECTORDER_FLAGS = "";
				WARNING_CFLAGS = "";
				YACCFLAGS = "-d";
			};
			name = Release;
		};
		F066A7F4136772A400F69201 /* Default */ = {
			isa = XCBuildConfiguration;
			buildSettings = {
				BUILD_ROOT = /Users/PRoTeW/Desktop/QT_PROJECTS/SELA_2;
				DYLIB_COMPATIBILITY_VERSION = 1.0;
				DYLIB_CURRENT_VERSION = 1.0.0;
				HEADER_SEARCH_PATHS = (
					/Library/Frameworks/QtCore.framework/Versions/4/Headers,
					/usr/include/QtCore,
					/Library/Frameworks/QtGui.framework/Versions/4/Headers,
					/usr/include/QtGui,
					/usr/include,
					.,
					.,
					/usr/local/include,
					/System/Library/Frameworks/CarbonCore.framework/Headers,
					"/usr/local/Qt4.7/mkspecs/macx-xcode",
				);
				INFOPLIST_FILE = Info.plist;
				LEXFLAGS = "";
				LIBRARY_SEARCH_PATHS = /Library/Frameworks;
				MACOSX_DEPLOYMENT_TARGET = 10.4;
				OTHER_CFLAGS = (
					"-pipe",
					"-g",
					"-Wall",
					"-W",
					"-DQT_GUI_LIB",
					"-DQT_CORE_LIB",
					"-DQT_SHARED",
				);
				OTHER_CPLUSPLUSFLAGS = (
					"-pipe",
					"-g",
					"-Wall",
					"-W",
					"-DQT_GUI_LIB",
					"-DQT_CORE_LIB",
					"-DQT_SHARED",
				);
				OTHER_LDFLAGS = (
					"-headerpad_max_install_names",
					"-L/Library/Frameworks",
					"-F/Library/Frameworks",
				);
				OTHER_REZFLAGS = "";
				PREBINDING = NO;
				PRODUCT_NAME = SELA_2;
				SECTORDER_FLAGS = "";
				WARNING_CFLAGS = "";
				YACCFLAGS = "-d";
			};
			name = Default;
		};
/* End XCBuildConfiguration section */

/* Begin XCConfigurationList section */
		2A951308CDB28F104D0A4BD2 /* Build configuration list for PBXProject "SELA_2" */ = {
			isa = XCConfigurationList;
			buildConfigurations = (
				8DB1DD96F65B1BF1FFC506E0 /* Debug */,
				95E1EB2E5DDD587BE5B3E548 /* Release */,
			);
			defaultConfigurationIsVisible = 0;
			defaultConfigurationName = Release;
		};
		F066A806136772B900F69201 /* Build configuration list for PBXNativeTarget "SELA_2" */ = {
			isa = XCConfigurationList;
			buildConfigurations = (
				F066A7F2136772A400F69201 /* Debug */,
				F066A7F3136772A400F69201 /* Release */,
				F066A7F4136772A400F69201 /* Default */,
			);
			defaultConfigurationIsVisible = 0;
			defaultConfigurationName = Default;
		};
/* End XCConfigurationList section */
	};
	rootObject = 91B15E841AA80083484172DE /* Project object */;
}
